
Microsoft Visual Studio Solution File, Format Version 12.00
# Visual Studio Version 16
VisualStudioVersion = 16.0.31727.386
MinimumVisualStudioVersion = 10.0.40219.1
Project("{FAE04EC0-301F-11D3-BF4B-00C04F79EFBC}") = "Kuwagata", "Kuwagata.csproj", "{AB27422D-9C8B-47ED-9E2D-A1FB0C81FF0A}"
EndProject
Global
	GlobalSection(SolutionConfigurationPlatforms) = preSolution
		Debug|Any CPU = Debug|Any CPU
		Release|Any CPU = Release|Any CPU
	EndGlobalSection
	GlobalSection(ProjectConfigurationPlatforms) = postSolution
		{AB27422D-9C8B-47ED-9E2D-A1FB0C81FF0A}.Debug|Any CPU.ActiveCfg = Debug|Any CPU
		{AB27422D-9C8B-47ED-9E2D-A1FB0C81FF0A}.Debug|Any CPU.Build.0 = Debug|Any CPU
		{AB27422D-9C8B-47ED-9E2D-A1FB0C81FF0A}.Release|Any CPU.ActiveCfg = Release|Any CPU
		{AB27422D-9C8B-47ED-9E2D-A1FB0C81FF0A}.Release|Any CPU.Build.0 = Release|Any CPU
	EndGlobalSection
	GlobalSection(SolutionProperties) = preSolution
		HideSolutionNode = FALSE
	EndGlobalSection
	GlobalSection(ExtensibilityGlobals) = postSolution
		SolutionGuid = {FDDF1DD7-1D8E-46F0-8EAC-14B0045DB64D}
	EndGlobalSection
EndGlobal
