
Microsoft Visual Studio Solution File, Format Version 12.00
# Visual Studio Version 17
VisualStudioVersion = 17.4.33213.308
MinimumVisualStudioVersion = 10.0.40219.1
Project("{FAE04EC0-301F-11D3-BF4B-00C04F79EFBC}") = "Kuwagata", "Kuwagata.csproj", "{AB27422D-9C8B-47ED-9E2D-A1FB0C81FF0A}"
EndProject
Project("{FAE04EC0-301F-11D3-BF4B-00C04F79EFBC}") = "KuwagataDLL", "..\KuwagataDLL\KuwagataDLL.csproj", "{0A96BC3D-AFEB-4CCE-85A2-41D104F67817}"
EndProject
Global
	GlobalSection(SolutionConfigurationPlatforms) = preSolution
		Debug|Any CPU = Debug|Any CPU
		Debug|x64 = Debug|x64
		Release|Any CPU = Release|Any CPU
		Release|x64 = Release|x64
	EndGlobalSection
	GlobalSection(ProjectConfigurationPlatforms) = postSolution
		{AB27422D-9C8B-47ED-9E2D-A1FB0C81FF0A}.Debug|Any CPU.ActiveCfg = Debug|Any CPU
		{AB27422D-9C8B-47ED-9E2D-A1FB0C81FF0A}.Debug|Any CPU.Build.0 = Debug|Any CPU
		{AB27422D-9C8B-47ED-9E2D-A1FB0C81FF0A}.Debug|x64.ActiveCfg = Debug|x64
		{AB27422D-9C8B-47ED-9E2D-A1FB0C81FF0A}.Debug|x64.Build.0 = Debug|x64
		{AB27422D-9C8B-47ED-9E2D-A1FB0C81FF0A}.Release|Any CPU.ActiveCfg = Release|Any CPU
		{AB27422D-9C8B-47ED-9E2D-A1FB0C81FF0A}.Release|Any CPU.Build.0 = Release|Any CPU
		{AB27422D-9C8B-47ED-9E2D-A1FB0C81FF0A}.Release|x64.ActiveCfg = Release|x64
		{AB27422D-9C8B-47ED-9E2D-A1FB0C81FF0A}.Release|x64.Build.0 = Release|x64
		{0A96BC3D-AFEB-4CCE-85A2-41D104F67817}.Debug|Any CPU.ActiveCfg = Debug|Any CPU
		{0A96BC3D-AFEB-4CCE-85A2-41D104F67817}.Debug|Any CPU.Build.0 = Debug|Any CPU
		{0A96BC3D-AFEB-4CCE-85A2-41D104F67817}.Debug|x64.ActiveCfg = Debug|Any CPU
		{0A96BC3D-AFEB-4CCE-85A2-41D104F67817}.Debug|x64.Build.0 = Debug|Any CPU
		{0A96BC3D-AFEB-4CCE-85A2-41D104F67817}.Release|Any CPU.ActiveCfg = Release|Any CPU
		{0A96BC3D-AFEB-4CCE-85A2-41D104F67817}.Release|Any CPU.Build.0 = Release|Any CPU
		{0A96BC3D-AFEB-4CCE-85A2-41D104F67817}.Release|x64.ActiveCfg = Release|Any CPU
		{0A96BC3D-AFEB-4CCE-85A2-41D104F67817}.Release|x64.Build.0 = Release|Any CPU
	EndGlobalSection
	GlobalSection(SolutionProperties) = preSolution
		HideSolutionNode = FALSE
	EndGlobalSection
	GlobalSection(ExtensibilityGlobals) = postSolution
		SolutionGuid = {FDDF1DD7-1D8E-46F0-8EAC-14B0045DB64D}
	EndGlobalSection
EndGlobal
